// !$*UTF8*$!
{
	archiveVersion = 1;
	classes = {
	};
	objectVersion = 56;
	objects = {

/* Begin PBXBuildFile section */
		E10FD5EC2AD572B200E74327 /* CharacterListViewViewModel.swift in Sources */ = {isa = PBXBuildFile; fileRef = E10FD5EB2AD572B200E74327 /* CharacterListViewViewModel.swift */; };
		E10FD5EE2AD5732300E74327 /* CharacterListView.swift in Sources */ = {isa = PBXBuildFile; fileRef = E10FD5ED2AD5732300E74327 /* CharacterListView.swift */; };
		E18F482C2AD4EA1E000A95ED /* AppDelegate.swift in Sources */ = {isa = PBXBuildFile; fileRef = E18F482B2AD4EA1E000A95ED /* AppDelegate.swift */; };
		E18F48352AD4EA1F000A95ED /* Assets.xcassets in Resources */ = {isa = PBXBuildFile; fileRef = E18F48342AD4EA1F000A95ED /* Assets.xcassets */; };
		E18F48382AD4EA1F000A95ED /* LaunchScreen.storyboard in Resources */ = {isa = PBXBuildFile; fileRef = E18F48362AD4EA1F000A95ED /* LaunchScreen.storyboard */; };
		E18F48482AD4EB52000A95ED /* View.swift in Sources */ = {isa = PBXBuildFile; fileRef = E18F48472AD4EB52000A95ED /* View.swift */; };
		E18F484A2AD4EBFD000A95ED /* RMLocation.swift in Sources */ = {isa = PBXBuildFile; fileRef = E18F48492AD4EBFD000A95ED /* RMLocation.swift */; };
		E18F484C2AD4EC02000A95ED /* RMCharacter.swift in Sources */ = {isa = PBXBuildFile; fileRef = E18F484B2AD4EC02000A95ED /* RMCharacter.swift */; };
		E18F484E2AD4EC06000A95ED /* RMEpisode.swift in Sources */ = {isa = PBXBuildFile; fileRef = E18F484D2AD4EC06000A95ED /* RMEpisode.swift */; };
		E18F48512AD4EC17000A95ED /* RMTabViewController.swift in Sources */ = {isa = PBXBuildFile; fileRef = E18F48502AD4EC17000A95ED /* RMTabViewController.swift */; };
		E18F48532AD4EC1F000A95ED /* RMCharacterController.swift in Sources */ = {isa = PBXBuildFile; fileRef = E18F48522AD4EC1F000A95ED /* RMCharacterController.swift */; };
		E18F48552AD4EC28000A95ED /* RMLocationViewController.swift in Sources */ = {isa = PBXBuildFile; fileRef = E18F48542AD4EC28000A95ED /* RMLocationViewController.swift */; };
		E18F48572AD4EC45000A95ED /* RMEpisodeViewController.swift in Sources */ = {isa = PBXBuildFile; fileRef = E18F48562AD4EC45000A95ED /* RMEpisodeViewController.swift */; };
		E18F48592AD4EC59000A95ED /* RMSettingsViewController.swift in Sources */ = {isa = PBXBuildFile; fileRef = E18F48582AD4EC59000A95ED /* RMSettingsViewController.swift */; };
		E18F485B2AD4F5A0000A95ED /* RMService.swift in Sources */ = {isa = PBXBuildFile; fileRef = E18F485A2AD4F5A0000A95ED /* RMService.swift */; };
		E18F485D2AD4F5B6000A95ED /* RMRequest.swift in Sources */ = {isa = PBXBuildFile; fileRef = E18F485C2AD4F5B6000A95ED /* RMRequest.swift */; };
		E18F485F2AD4F628000A95ED /* RMEndpoint.swift in Sources */ = {isa = PBXBuildFile; fileRef = E18F485E2AD4F628000A95ED /* RMEndpoint.swift */; };
		E198D4482AD54007000EED62 /* RMOrigin.swift in Sources */ = {isa = PBXBuildFile; fileRef = E198D4472AD54007000EED62 /* RMOrigin.swift */; };
		E198D44A2AD54042000EED62 /* RMSingleLocation.swift in Sources */ = {isa = PBXBuildFile; fileRef = E198D4492AD54042000EED62 /* RMSingleLocation.swift */; };
		E198D44C2AD540EF000EED62 /* RMCharacterStatus.swift in Sources */ = {isa = PBXBuildFile; fileRef = E198D44B2AD540EF000EED62 /* RMCharacterStatus.swift */; };
		E198D44E2AD54111000EED62 /* RMCharacterGender.swift in Sources */ = {isa = PBXBuildFile; fileRef = E198D44D2AD54111000EED62 /* RMCharacterGender.swift */; };
		E198D4522AD55A31000EED62 /* RMGetAllCharactersResponse.swift in Sources */ = {isa = PBXBuildFile; fileRef = E198D4512AD55A31000EED62 /* RMGetAllCharactersResponse.swift */; };
/* End PBXBuildFile section */

/* Begin PBXFileReference section */
		E10FD5EB2AD572B200E74327 /* CharacterListViewViewModel.swift */ = {isa = PBXFileReference; lastKnownFileType = sourcecode.swift; path = CharacterListViewViewModel.swift; sourceTree = "<group>"; };
		E10FD5ED2AD5732300E74327 /* CharacterListView.swift */ = {isa = PBXFileReference; lastKnownFileType = sourcecode.swift; path = CharacterListView.swift; sourceTree = "<group>"; };
		E18F48282AD4EA1E000A95ED /* RickAndMortyiOSApp.app */ = {isa = PBXFileReference; explicitFileType = wrapper.application; includeInIndex = 0; path = RickAndMortyiOSApp.app; sourceTree = BUILT_PRODUCTS_DIR; };
		E18F482B2AD4EA1E000A95ED /* AppDelegate.swift */ = {isa = PBXFileReference; lastKnownFileType = sourcecode.swift; path = AppDelegate.swift; sourceTree = "<group>"; };
		E18F48342AD4EA1F000A95ED /* Assets.xcassets */ = {isa = PBXFileReference; lastKnownFileType = folder.assetcatalog; path = Assets.xcassets; sourceTree = "<group>"; };
		E18F48372AD4EA1F000A95ED /* Base */ = {isa = PBXFileReference; lastKnownFileType = file.storyboard; name = Base; path = Base.lproj/LaunchScreen.storyboard; sourceTree = "<group>"; };
		E18F48392AD4EA1F000A95ED /* Info.plist */ = {isa = PBXFileReference; lastKnownFileType = text.plist.xml; path = Info.plist; sourceTree = "<group>"; };
		E18F48472AD4EB52000A95ED /* View.swift */ = {isa = PBXFileReference; lastKnownFileType = sourcecode.swift; path = View.swift; sourceTree = "<group>"; };
		E18F48492AD4EBFD000A95ED /* RMLocation.swift */ = {isa = PBXFileReference; lastKnownFileType = sourcecode.swift; path = RMLocation.swift; sourceTree = "<group>"; };
		E18F484B2AD4EC02000A95ED /* RMCharacter.swift */ = {isa = PBXFileReference; lastKnownFileType = sourcecode.swift; path = RMCharacter.swift; sourceTree = "<group>"; };
		E18F484D2AD4EC06000A95ED /* RMEpisode.swift */ = {isa = PBXFileReference; lastKnownFileType = sourcecode.swift; path = RMEpisode.swift; sourceTree = "<group>"; };
		E18F48502AD4EC17000A95ED /* RMTabViewController.swift */ = {isa = PBXFileReference; lastKnownFileType = sourcecode.swift; path = RMTabViewController.swift; sourceTree = "<group>"; };
		E18F48522AD4EC1F000A95ED /* RMCharacterController.swift */ = {isa = PBXFileReference; lastKnownFileType = sourcecode.swift; path = RMCharacterController.swift; sourceTree = "<group>"; };
		E18F48542AD4EC28000A95ED /* RMLocationViewController.swift */ = {isa = PBXFileReference; lastKnownFileType = sourcecode.swift; path = RMLocationViewController.swift; sourceTree = "<group>"; };
		E18F48562AD4EC45000A95ED /* RMEpisodeViewController.swift */ = {isa = PBXFileReference; lastKnownFileType = sourcecode.swift; path = RMEpisodeViewController.swift; sourceTree = "<group>"; };
		E18F48582AD4EC59000A95ED /* RMSettingsViewController.swift */ = {isa = PBXFileReference; lastKnownFileType = sourcecode.swift; path = RMSettingsViewController.swift; sourceTree = "<group>"; };
		E18F485A2AD4F5A0000A95ED /* RMService.swift */ = {isa = PBXFileReference; lastKnownFileType = sourcecode.swift; path = RMService.swift; sourceTree = "<group>"; };
		E18F485C2AD4F5B6000A95ED /* RMRequest.swift */ = {isa = PBXFileReference; lastKnownFileType = sourcecode.swift; path = RMRequest.swift; sourceTree = "<group>"; };
		E18F485E2AD4F628000A95ED /* RMEndpoint.swift */ = {isa = PBXFileReference; lastKnownFileType = sourcecode.swift; path = RMEndpoint.swift; sourceTree = "<group>"; };
		E198D4472AD54007000EED62 /* RMOrigin.swift */ = {isa = PBXFileReference; lastKnownFileType = sourcecode.swift; path = RMOrigin.swift; sourceTree = "<group>"; };
		E198D4492AD54042000EED62 /* RMSingleLocation.swift */ = {isa = PBXFileReference; lastKnownFileType = sourcecode.swift; path = RMSingleLocation.swift; sourceTree = "<group>"; };
		E198D44B2AD540EF000EED62 /* RMCharacterStatus.swift */ = {isa = PBXFileReference; lastKnownFileType = sourcecode.swift; path = RMCharacterStatus.swift; sourceTree = "<group>"; };
		E198D44D2AD54111000EED62 /* RMCharacterGender.swift */ = {isa = PBXFileReference; lastKnownFileType = sourcecode.swift; path = RMCharacterGender.swift; sourceTree = "<group>"; };
		E198D4512AD55A31000EED62 /* RMGetAllCharactersResponse.swift */ = {isa = PBXFileReference; lastKnownFileType = sourcecode.swift; path = RMGetAllCharactersResponse.swift; sourceTree = "<group>"; };
/* End PBXFileReference section */

/* Begin PBXFrameworksBuildPhase section */
		E18F48252AD4EA1E000A95ED /* Frameworks */ = {
			isa = PBXFrameworksBuildPhase;
			buildActionMask = 2147483647;
			files = (
			);
			runOnlyForDeploymentPostprocessing = 0;
		};
/* End PBXFrameworksBuildPhase section */

/* Begin PBXGroup section */
		E18F481F2AD4EA1E000A95ED = {
			isa = PBXGroup;
			children = (
				E18F482A2AD4EA1E000A95ED /* RickAndMortyiOSApp */,
				E18F48292AD4EA1E000A95ED /* Products */,
			);
			sourceTree = "<group>";
		};
		E18F48292AD4EA1E000A95ED /* Products */ = {
			isa = PBXGroup;
			children = (
				E18F48282AD4EA1E000A95ED /* RickAndMortyiOSApp.app */,
			);
			name = Products;
			sourceTree = "<group>";
		};
		E18F482A2AD4EA1E000A95ED /* RickAndMortyiOSApp */ = {
			isa = PBXGroup;
			children = (
				E18F48452AD4EB1F000A95ED /* Resources */,
				E18F48462AD4EB38000A95ED /* Extension */,
				E18F48442AD4EB13000A95ED /* Managers */,
				E18F48432AD4EB0A000A95ED /* APIClient */,
				E18F48422AD4EB03000A95ED /* ViewModels */,
				E18F48412AD4EAFE000A95ED /* Views */,
				E18F48402AD4EAF5000A95ED /* Models */,
				E18F483F2AD4EAEE000A95ED /* Controllers */,
				E18F48392AD4EA1F000A95ED /* Info.plist */,
			);
			path = RickAndMortyiOSApp;
			sourceTree = "<group>";
		};
		E18F483F2AD4EAEE000A95ED /* Controllers */ = {
			isa = PBXGroup;
			children = (
				E18F484F2AD4EC0C000A95ED /* Core */,
			);
			path = Controllers;
			sourceTree = "<group>";
		};
		E18F48402AD4EAF5000A95ED /* Models */ = {
			isa = PBXGroup;
			children = (
				E198D4502AD55A17000EED62 /* APIResponseTypes */,
				E198D44F2AD55A0D000EED62 /* DataTypes */,
			);
			path = Models;
			sourceTree = "<group>";
		};
		E18F48412AD4EAFE000A95ED /* Views */ = {
			isa = PBXGroup;
			children = (
				E10FD5ED2AD5732300E74327 /* CharacterListView.swift */,
			);
			path = Views;
			sourceTree = "<group>";
		};
		E18F48422AD4EB03000A95ED /* ViewModels */ = {
			isa = PBXGroup;
			children = (
				E10FD5EB2AD572B200E74327 /* CharacterListViewViewModel.swift */,
			);
			path = ViewModels;
			sourceTree = "<group>";
		};
		E18F48432AD4EB0A000A95ED /* APIClient */ = {
			isa = PBXGroup;
			children = (
				E18F485A2AD4F5A0000A95ED /* RMService.swift */,
				E18F485C2AD4F5B6000A95ED /* RMRequest.swift */,
				E18F485E2AD4F628000A95ED /* RMEndpoint.swift */,
			);
			path = APIClient;
			sourceTree = "<group>";
		};
		E18F48442AD4EB13000A95ED /* Managers */ = {
			isa = PBXGroup;
			children = (
			);
			path = Managers;
			sourceTree = "<group>";
		};
		E18F48452AD4EB1F000A95ED /* Resources */ = {
			isa = PBXGroup;
			children = (
				E18F482B2AD4EA1E000A95ED /* AppDelegate.swift */,
				E18F48342AD4EA1F000A95ED /* Assets.xcassets */,
				E18F48362AD4EA1F000A95ED /* LaunchScreen.storyboard */,
			);
			path = Resources;
			sourceTree = "<group>";
		};
		E18F48462AD4EB38000A95ED /* Extension */ = {
			isa = PBXGroup;
			children = (
				E18F48472AD4EB52000A95ED /* View.swift */,
			);
			path = Extension;
			sourceTree = "<group>";
		};
		E18F484F2AD4EC0C000A95ED /* Core */ = {
			isa = PBXGroup;
			children = (
				E18F48502AD4EC17000A95ED /* RMTabViewController.swift */,
				E18F48522AD4EC1F000A95ED /* RMCharacterController.swift */,
				E18F48542AD4EC28000A95ED /* RMLocationViewController.swift */,
				E18F48562AD4EC45000A95ED /* RMEpisodeViewController.swift */,
				E18F48582AD4EC59000A95ED /* RMSettingsViewController.swift */,
			);
			path = Core;
			sourceTree = "<group>";
		};
		E198D44F2AD55A0D000EED62 /* DataTypes */ = {
			isa = PBXGroup;
			children = (
				E18F48492AD4EBFD000A95ED /* RMLocation.swift */,
				E18F484B2AD4EC02000A95ED /* RMCharacter.swift */,
				E18F484D2AD4EC06000A95ED /* RMEpisode.swift */,
				E198D4472AD54007000EED62 /* RMOrigin.swift */,
				E198D4492AD54042000EED62 /* RMSingleLocation.swift */,
				E198D44B2AD540EF000EED62 /* RMCharacterStatus.swift */,
				E198D44D2AD54111000EED62 /* RMCharacterGender.swift */,
			);
			path = DataTypes;
			sourceTree = "<group>";
		};
		E198D4502AD55A17000EED62 /* APIResponseTypes */ = {
			isa = PBXGroup;
			children = (
				E198D4512AD55A31000EED62 /* RMGetAllCharactersResponse.swift */,
			);
			path = APIResponseTypes;
			sourceTree = "<group>";
		};
/* End PBXGroup section */

/* Begin PBXNativeTarget section */
		E18F48272AD4EA1E000A95ED /* RickAndMortyiOSApp */ = {
			isa = PBXNativeTarget;
			buildConfigurationList = E18F483C2AD4EA1F000A95ED /* Build configuration list for PBXNativeTarget "RickAndMortyiOSApp" */;
			buildPhases = (
				E18F48242AD4EA1E000A95ED /* Sources */,
				E18F48252AD4EA1E000A95ED /* Frameworks */,
				E18F48262AD4EA1E000A95ED /* Resources */,
			);
			buildRules = (
			);
			dependencies = (
			);
			name = RickAndMortyiOSApp;
			productName = RickAndMortyiOSApp;
			productReference = E18F48282AD4EA1E000A95ED /* RickAndMortyiOSApp.app */;
			productType = "com.apple.product-type.application";
		};
/* End PBXNativeTarget section */

/* Begin PBXProject section */
		E18F48202AD4EA1E000A95ED /* Project object */ = {
			isa = PBXProject;
			attributes = {
				BuildIndependentTargetsInParallel = 1;
				LastSwiftUpdateCheck = 1430;
				LastUpgradeCheck = 1430;
				TargetAttributes = {
					E18F48272AD4EA1E000A95ED = {
						CreatedOnToolsVersion = 14.3.1;
					};
				};
			};
			buildConfigurationList = E18F48232AD4EA1E000A95ED /* Build configuration list for PBXProject "RickAndMortyiOSApp" */;
			compatibilityVersion = "Xcode 14.0";
			developmentRegion = en;
			hasScannedForEncodings = 0;
			knownRegions = (
				en,
				Base,
			);
			mainGroup = E18F481F2AD4EA1E000A95ED;
			productRefGroup = E18F48292AD4EA1E000A95ED /* Products */;
			projectDirPath = "";
			projectRoot = "";
			targets = (
				E18F48272AD4EA1E000A95ED /* RickAndMortyiOSApp */,
			);
		};
/* End PBXProject section */

/* Begin PBXResourcesBuildPhase section */
		E18F48262AD4EA1E000A95ED /* Resources */ = {
			isa = PBXResourcesBuildPhase;
			buildActionMask = 2147483647;
			files = (
				E18F48382AD4EA1F000A95ED /* LaunchScreen.storyboard in Resources */,
				E18F48352AD4EA1F000A95ED /* Assets.xcassets in Resources */,
			);
			runOnlyForDeploymentPostprocessing = 0;
		};
/* End PBXResourcesBuildPhase section */

/* Begin PBXSourcesBuildPhase section */
		E18F48242AD4EA1E000A95ED /* Sources */ = {
			isa = PBXSourcesBuildPhase;
			buildActionMask = 2147483647;
			files = (
				E198D4482AD54007000EED62 /* RMOrigin.swift in Sources */,
				E198D44A2AD54042000EED62 /* RMSingleLocation.swift in Sources */,
				E10FD5EE2AD5732300E74327 /* CharacterListView.swift in Sources */,
				E198D4522AD55A31000EED62 /* RMGetAllCharactersResponse.swift in Sources */,
				E198D44C2AD540EF000EED62 /* RMCharacterStatus.swift in Sources */,
				E198D44E2AD54111000EED62 /* RMCharacterGender.swift in Sources */,
				E18F484E2AD4EC06000A95ED /* RMEpisode.swift in Sources */,
				E18F48512AD4EC17000A95ED /* RMTabViewController.swift in Sources */,
				E18F482C2AD4EA1E000A95ED /* AppDelegate.swift in Sources */,
				E18F48552AD4EC28000A95ED /* RMLocationViewController.swift in Sources */,
				E18F48592AD4EC59000A95ED /* RMSettingsViewController.swift in Sources */,
				E18F48482AD4EB52000A95ED /* View.swift in Sources */,
				E18F484A2AD4EBFD000A95ED /* RMLocation.swift in Sources */,
				E18F485B2AD4F5A0000A95ED /* RMService.swift in Sources */,
				E18F48532AD4EC1F000A95ED /* RMCharacterController.swift in Sources */,
				E18F485F2AD4F628000A95ED /* RMEndpoint.swift in Sources */,
				E18F48572AD4EC45000A95ED /* RMEpisodeViewController.swift in Sources */,
				E18F485D2AD4F5B6000A95ED /* RMRequest.swift in Sources */,
				E10FD5EC2AD572B200E74327 /* CharacterListViewViewModel.swift in Sources */,
				E18F484C2AD4EC02000A95ED /* RMCharacter.swift in Sources */,
			);
			runOnlyForDeploymentPostprocessing = 0;
		};
/* End PBXSourcesBuildPhase section */

/* Begin PBXVariantGroup section */
		E18F48362AD4EA1F000A95ED /* LaunchScreen.storyboard */ = {
			isa = PBXVariantGroup;
			children = (
				E18F48372AD4EA1F000A95ED /* Base */,
			);
			name = LaunchScreen.storyboard;
			sourceTree = "<group>";
		};
/* End PBXVariantGroup section */

/* Begin XCBuildConfiguration section */
		E18F483A2AD4EA1F000A95ED /* Debug */ = {
			isa = XCBuildConfiguration;
			buildSettings = {
				ALWAYS_SEARCH_USER_PATHS = NO;
				CLANG_ANALYZER_NONNULL = YES;
				CLANG_ANALYZER_NUMBER_OBJECT_CONVERSION = YES_AGGRESSIVE;
				CLANG_CXX_LANGUAGE_STANDARD = "gnu++20";
				CLANG_ENABLE_MODULES = YES;
				CLANG_ENABLE_OBJC_ARC = YES;
				CLANG_ENABLE_OBJC_WEAK = YES;
				CLANG_WARN_BLOCK_CAPTURE_AUTORELEASING = YES;
				CLANG_WARN_BOOL_CONVERSION = YES;
				CLANG_WARN_COMMA = YES;
				CLANG_WARN_CONSTANT_CONVERSION = YES;
				CLANG_WARN_DEPRECATED_OBJC_IMPLEMENTATIONS = YES;
				CLANG_WARN_DIRECT_OBJC_ISA_USAGE = YES_ERROR;
				CLANG_WARN_DOCUMENTATION_COMMENTS = YES;
				CLANG_WARN_EMPTY_BODY = YES;
				CLANG_WARN_ENUM_CONVERSION = YES;
				CLANG_WARN_INFINITE_RECURSION = YES;
				CLANG_WARN_INT_CONVERSION = YES;
				CLANG_WARN_NON_LITERAL_NULL_CONVERSION = YES;
				CLANG_WARN_OBJC_IMPLICIT_RETAIN_SELF = YES;
				CLANG_WARN_OBJC_LITERAL_CONVERSION = YES;
				CLANG_WARN_OBJC_ROOT_CLASS = YES_ERROR;
				CLANG_WARN_QUOTED_INCLUDE_IN_FRAMEWORK_HEADER = YES;
				CLANG_WARN_RANGE_LOOP_ANALYSIS = YES;
				CLANG_WARN_STRICT_PROTOTYPES = YES;
				CLANG_WARN_SUSPICIOUS_MOVE = YES;
				CLANG_WARN_UNGUARDED_AVAILABILITY = YES_AGGRESSIVE;
				CLANG_WARN_UNREACHABLE_CODE = YES;
				CLANG_WARN__DUPLICATE_METHOD_MATCH = YES;
				COPY_PHASE_STRIP = NO;
				DEBUG_INFORMATION_FORMAT = dwarf;
				ENABLE_STRICT_OBJC_MSGSEND = YES;
				ENABLE_TESTABILITY = YES;
				GCC_C_LANGUAGE_STANDARD = gnu11;
				GCC_DYNAMIC_NO_PIC = NO;
				GCC_NO_COMMON_BLOCKS = YES;
				GCC_OPTIMIZATION_LEVEL = 0;
				GCC_PREPROCESSOR_DEFINITIONS = (
					"DEBUG=1",
					"$(inherited)",
				);
				GCC_WARN_64_TO_32_BIT_CONVERSION = YES;
				GCC_WARN_ABOUT_RETURN_TYPE = YES_ERROR;
				GCC_WARN_UNDECLARED_SELECTOR = YES;
				GCC_WARN_UNINITIALIZED_AUTOS = YES_AGGRESSIVE;
				GCC_WARN_UNUSED_FUNCTION = YES;
				GCC_WARN_UNUSED_VARIABLE = YES;
				IPHONEOS_DEPLOYMENT_TARGET = 16.4;
				MTL_ENABLE_DEBUG_INFO = INCLUDE_SOURCE;
				MTL_FAST_MATH = YES;
				ONLY_ACTIVE_ARCH = YES;
				SDKROOT = iphoneos;
				SWIFT_ACTIVE_COMPILATION_CONDITIONS = DEBUG;
				SWIFT_OPTIMIZATION_LEVEL = "-Onone";
			};
			name = Debug;
		};
		E18F483B2AD4EA1F000A95ED /* Release */ = {
			isa = XCBuildConfiguration;
			buildSettings = {
				ALWAYS_SEARCH_USER_PATHS = NO;
				CLANG_ANALYZER_NONNULL = YES;
				CLANG_ANALYZER_NUMBER_OBJECT_CONVERSION = YES_AGGRESSIVE;
				CLANG_CXX_LANGUAGE_STANDARD = "gnu++20";
				CLANG_ENABLE_MODULES = YES;
				CLANG_ENABLE_OBJC_ARC = YES;
				CLANG_ENABLE_OBJC_WEAK = YES;
				CLANG_WARN_BLOCK_CAPTURE_AUTORELEASING = YES;
				CLANG_WARN_BOOL_CONVERSION = YES;
				CLANG_WARN_COMMA = YES;
				CLANG_WARN_CONSTANT_CONVERSION = YES;
				CLANG_WARN_DEPRECATED_OBJC_IMPLEMENTATIONS = YES;
				CLANG_WARN_DIRECT_OBJC_ISA_USAGE = YES_ERROR;
				CLANG_WARN_DOCUMENTATION_COMMENTS = YES;
				CLANG_WARN_EMPTY_BODY = YES;
				CLANG_WARN_ENUM_CONVERSION = YES;
				CLANG_WARN_INFINITE_RECURSION = YES;
				CLANG_WARN_INT_CONVERSION = YES;
				CLANG_WARN_NON_LITERAL_NULL_CONVERSION = YES;
				CLANG_WARN_OBJC_IMPLICIT_RETAIN_SELF = YES;
				CLANG_WARN_OBJC_LITERAL_CONVERSION = YES;
				CLANG_WARN_OBJC_ROOT_CLASS = YES_ERROR;
				CLANG_WARN_QUOTED_INCLUDE_IN_FRAMEWORK_HEADER = YES;
				CLANG_WARN_RANGE_LOOP_ANALYSIS = YES;
				CLANG_WARN_STRICT_PROTOTYPES = YES;
				CLANG_WARN_SUSPICIOUS_MOVE = YES;
				CLANG_WARN_UNGUARDED_AVAILABILITY = YES_AGGRESSIVE;
				CLANG_WARN_UNREACHABLE_CODE = YES;
				CLANG_WARN__DUPLICATE_METHOD_MATCH = YES;
				COPY_PHASE_STRIP = NO;
				DEBUG_INFORMATION_FORMAT = "dwarf-with-dsym";
				ENABLE_NS_ASSERTIONS = NO;
				ENABLE_STRICT_OBJC_MSGSEND = YES;
				GCC_C_LANGUAGE_STANDARD = gnu11;
				GCC_NO_COMMON_BLOCKS = YES;
				GCC_WARN_64_TO_32_BIT_CONVERSION = YES;
				GCC_WARN_ABOUT_RETURN_TYPE = YES_ERROR;
				GCC_WARN_UNDECLARED_SELECTOR = YES;
				GCC_WARN_UNINITIALIZED_AUTOS = YES_AGGRESSIVE;
				GCC_WARN_UNUSED_FUNCTION = YES;
				GCC_WARN_UNUSED_VARIABLE = YES;
				IPHONEOS_DEPLOYMENT_TARGET = 16.4;
				MTL_ENABLE_DEBUG_INFO = NO;
				MTL_FAST_MATH = YES;
				SDKROOT = iphoneos;
				SWIFT_COMPILATION_MODE = wholemodule;
				SWIFT_OPTIMIZATION_LEVEL = "-O";
				VALIDATE_PRODUCT = YES;
			};
			name = Release;
		};
		E18F483D2AD4EA1F000A95ED /* Debug */ = {
			isa = XCBuildConfiguration;
			buildSettings = {
				ASSETCATALOG_COMPILER_APPICON_NAME = AppIcon;
				ASSETCATALOG_COMPILER_GLOBAL_ACCENT_COLOR_NAME = AccentColor;
				CODE_SIGN_STYLE = Automatic;
				CURRENT_PROJECT_VERSION = 1;
				DEVELOPMENT_TEAM = BN2J773XP7;
				GENERATE_INFOPLIST_FILE = YES;
				INFOPLIST_FILE = RickAndMortyiOSApp/Info.plist;
				INFOPLIST_KEY_UIApplicationSupportsIndirectInputEvents = YES;
				INFOPLIST_KEY_UILaunchStoryboardName = LaunchScreen;
				INFOPLIST_KEY_UISupportedInterfaceOrientations_iPad = "UIInterfaceOrientationPortrait UIInterfaceOrientationPortraitUpsideDown UIInterfaceOrientationLandscapeLeft UIInterfaceOrientationLandscapeRight";
				INFOPLIST_KEY_UISupportedInterfaceOrientations_iPhone = "UIInterfaceOrientationPortrait UIInterfaceOrientationLandscapeLeft UIInterfaceOrientationLandscapeRight";
				LD_RUNPATH_SEARCH_PATHS = (
					"$(inherited)",
					"@executable_path/Frameworks",
				);
				MARKETING_VERSION = 1.0;
				PRODUCT_BUNDLE_IDENTIFIER = leaff.RickAndMortyiOSApp;
				PRODUCT_NAME = "$(TARGET_NAME)";
				SWIFT_EMIT_LOC_STRINGS = YES;
				SWIFT_VERSION = 5.0;
				TARGETED_DEVICE_FAMILY = "1,2";
			};
			name = Debug;
		};
		E18F483E2AD4EA1F000A95ED /* Release */ = {
			isa = XCBuildConfiguration;
			buildSettings = {
				ASSETCATALOG_COMPILER_APPICON_NAME = AppIcon;
				ASSETCATALOG_COMPILER_GLOBAL_ACCENT_COLOR_NAME = AccentColor;
				CODE_SIGN_STYLE = Automatic;
				CURRENT_PROJECT_VERSION = 1;
				DEVELOPMENT_TEAM = BN2J773XP7;
				GENERATE_INFOPLIST_FILE = YES;
				INFOPLIST_FILE = RickAndMortyiOSApp/Info.plist;
				INFOPLIST_KEY_UIApplicationSupportsIndirectInputEvents = YES;
				INFOPLIST_KEY_UILaunchStoryboardName = LaunchScreen;
				INFOPLIST_KEY_UISupportedInterfaceOrientations_iPad = "UIInterfaceOrientationPortrait UIInterfaceOrientationPortraitUpsideDown UIInterfaceOrientationLandscapeLeft UIInterfaceOrientationLandscapeRight";
				INFOPLIST_KEY_UISupportedInterfaceOrientations_iPhone = "UIInterfaceOrientationPortrait UIInterfaceOrientationLandscapeLeft UIInterfaceOrientationLandscapeRight";
				LD_RUNPATH_SEARCH_PATHS = (
					"$(inherited)",
					"@executable_path/Frameworks",
				);
				MARKETING_VERSION = 1.0;
				PRODUCT_BUNDLE_IDENTIFIER = leaff.RickAndMortyiOSApp;
				PRODUCT_NAME = "$(TARGET_NAME)";
				SWIFT_EMIT_LOC_STRINGS = YES;
				SWIFT_VERSION = 5.0;
				TARGETED_DEVICE_FAMILY = "1,2";
			};
			name = Release;
		};
/* End XCBuildConfiguration section */

/* Begin XCConfigurationList section */
		E18F48232AD4EA1E000A95ED /* Build configuration list for PBXProject "RickAndMortyiOSApp" */ = {
			isa = XCConfigurationList;
			buildConfigurations = (
				E18F483A2AD4EA1F000A95ED /* Debug */,
				E18F483B2AD4EA1F000A95ED /* Release */,
			);
			defaultConfigurationIsVisible = 0;
			defaultConfigurationName = Release;
		};
		E18F483C2AD4EA1F000A95ED /* Build configuration list for PBXNativeTarget "RickAndMortyiOSApp" */ = {
			isa = XCConfigurationList;
			buildConfigurations = (
				E18F483D2AD4EA1F000A95ED /* Debug */,
				E18F483E2AD4EA1F000A95ED /* Release */,
			);
			defaultConfigurationIsVisible = 0;
			defaultConfigurationName = Release;
		};
/* End XCConfigurationList section */
	};
	rootObject = E18F48202AD4EA1E000A95ED /* Project object */;
}
